
Microsoft Visual Studio Solution File, Format Version 12.00
# Visual Studio Version 16
VisualStudioVersion = 16.0.30204.135
MinimumVisualStudioVersion = 10.0.40219.1
Project("{FAE04EC0-301F-11D3-BF4B-00C04F79EFBC}") = "Service", "Service\Service.csproj", "{B0835631-5BB8-4221-82D6-AC1DE3CCA3ED}"
EndProject
Project("{FAE04EC0-301F-11D3-BF4B-00C04F79EFBC}") = "Client", "Client\Client.csproj", "{34D725FA-5ECA-427C-BDA6-DA15560DA3C1}"
EndProject
Global
	GlobalSection(SolutionConfigurationPlatforms) = preSolution
		Debug|Any CPU = Debug|Any CPU
		Release|Any CPU = Release|Any CPU
	EndGlobalSection
	GlobalSection(ProjectConfigurationPlatforms) = postSolution
		{B0835631-5BB8-4221-82D6-AC1DE3CCA3ED}.Debug|Any CPU.ActiveCfg = Debug|Any CPU
		{B0835631-5BB8-4221-82D6-AC1DE3CCA3ED}.Debug|Any CPU.Build.0 = Debug|Any CPU
		{B0835631-5BB8-4221-82D6-AC1DE3CCA3ED}.Release|Any CPU.ActiveCfg = Release|Any CPU
		{B0835631-5BB8-4221-82D6-AC1DE3CCA3ED}.Release|Any CPU.Build.0 = Release|Any CPU
		{34D725FA-5ECA-427C-BDA6-DA15560DA3C1}.Debug|Any CPU.ActiveCfg = Debug|Any CPU
		{34D725FA-5ECA-427C-BDA6-DA15560DA3C1}.Debug|Any CPU.Build.0 = Debug|Any CPU
		{34D725FA-5ECA-427C-BDA6-DA15560DA3C1}.Release|Any CPU.ActiveCfg = Release|Any CPU
		{34D725FA-5ECA-427C-BDA6-DA15560DA3C1}.Release|Any CPU.Build.0 = Release|Any CPU
	EndGlobalSection
	GlobalSection(SolutionProperties) = preSolution
		HideSolutionNode = FALSE
	EndGlobalSection
	GlobalSection(ExtensibilityGlobals) = postSolution
		SolutionGuid = {2A708635-2C6A-41DA-AD59-6B833EBABE93}
	EndGlobalSection
EndGlobal
